
Microsoft Visual Studio Solution File, Format Version 12.00
# Visual Studio Version 17
VisualStudioVersion = 17.4.33110.190
MinimumVisualStudioVersion = 10.0.40219.1
Project("{FAE04EC0-301F-11D3-BF4B-00C04F79EFBC}") = "GraphQL", "GraphQL\GraphQL.csproj", "{99AED4E0-541F-409E-B516-B9E0E443AF7F}"
EndProject
Global
	GlobalSection(SolutionConfigurationPlatforms) = preSolution
		Debug|Any CPU = Debug|Any CPU
		Release|Any CPU = Release|Any CPU
	EndGlobalSection
	GlobalSection(ProjectConfigurationPlatforms) = postSolution
		{99AED4E0-541F-409E-B516-B9E0E443AF7F}.Debug|Any CPU.ActiveCfg = Debug|Any CPU
		{99AED4E0-541F-409E-B516-B9E0E443AF7F}.Debug|Any CPU.Build.0 = Debug|Any CPU
		{99AED4E0-541F-409E-B516-B9E0E443AF7F}.Release|Any CPU.ActiveCfg = Release|Any CPU
		{99AED4E0-541F-409E-B516-B9E0E443AF7F}.Release|Any CPU.Build.0 = Release|Any CPU
	EndGlobalSection
	GlobalSection(SolutionProperties) = preSolution
		HideSolutionNode = FALSE
	EndGlobalSection
	GlobalSection(ExtensibilityGlobals) = postSolution
		SolutionGuid = {53D7CB29-213B-4CD8-BF65-CC6679CC2F04}
	EndGlobalSection
EndGlobal
